// !$*UTF8*$!
{
	archiveVersion = 1;
	classes = {
	};
	objectVersion = 50;
	objects = {

/* Begin PBXGroup section */
		6CD2E68223E9D00B007FB4E0 = {
			isa = PBXGroup;
			children = (
			);
			sourceTree = "<group>";
		};
/* End PBXGroup section */

/* Begin PBXProject section */
		6CD2E68323E9D00B007FB4E0 /* Project object */ = {
			isa = PBXProject;
			attributes = {
				LastUpgradeCheck = 1130;
			};
			buildConfigurationList = 6CD2E68623E9D00B007FB4E0 /* Build configuration list for PBXProject "xcode-templates" */;
			compatibilityVersion = "Xcode 9.3";
			developmentRegion = en;
			hasScannedForEncodings = 0;
			knownRegions = (
				en,
				Base,
			);
			mainGroup = 6CD2E68223E9D00B007FB4E0;
			projectDirPath = "";
			projectRoot = "";
			targets = (
			);
		};
/* End PBXProject section */

/* Begin XCBuildConfiguration section */
		6CD2E68723E9D00B007FB4E0 /* Debug */ = {
			isa = XCBuildConfiguration;
			buildSettings = {
			};
			name = Debug;
		};
		6CD2E68823E9D00B007FB4E0 /* Release */ = {
			isa = XCBuildConfiguration;
			buildSettings = {
			};
			name = Release;
		};
/* End XCBuildConfiguration section */

/* Begin XCConfigurationList section */
		6CD2E68623E9D00B007FB4E0 /* Build configuration list for PBXProject "xcode-templates" */ = {
			isa = XCConfigurationList;
			buildConfigurations = (
				6CD2E68723E9D00B007FB4E0 /* Debug */,
				6CD2E68823E9D00B007FB4E0 /* Release */,
			);
			defaultConfigurationIsVisible = 0;
			defaultConfigurationName = Release;
		};
/* End XCConfigurationList section */
	};
	rootObject = 6CD2E68323E9D00B007FB4E0 /* Project object */;
}
